
Microsoft Visual Studio Solution File, Format Version 12.00
# Visual Studio Version 16
VisualStudioVersion = 16.0.32929.386
MinimumVisualStudioVersion = 10.0.40219.1
Project("{FAE04EC0-301F-11D3-BF4B-00C04F79EFBC}") = "CupHolder", "CupHolder\CupHolder.csproj", "{B9C81BC9-5DAD-40B8-9074-A249E9209170}"
EndProject
Global
	GlobalSection(SolutionConfigurationPlatforms) = preSolution
		Debug|Any CPU = Debug|Any CPU
		Release|Any CPU = Release|Any CPU
	EndGlobalSection
	GlobalSection(ProjectConfigurationPlatforms) = postSolution
		{B9C81BC9-5DAD-40B8-9074-A249E9209170}.Debug|Any CPU.ActiveCfg = Debug|Any CPU
		{B9C81BC9-5DAD-40B8-9074-A249E9209170}.Debug|Any CPU.Build.0 = Debug|Any CPU
		{B9C81BC9-5DAD-40B8-9074-A249E9209170}.Release|Any CPU.ActiveCfg = Release|Any CPU
		{B9C81BC9-5DAD-40B8-9074-A249E9209170}.Release|Any CPU.Build.0 = Release|Any CPU
	EndGlobalSection
	GlobalSection(SolutionProperties) = preSolution
		HideSolutionNode = FALSE
	EndGlobalSection
	GlobalSection(ExtensibilityGlobals) = postSolution
		SolutionGuid = {550D3AA7-804F-49EF-8C53-617BB080AFC2}
	EndGlobalSection
EndGlobal
